lockfileVersion: '9.0'

settings:
  autoInstallPeers: true
  excludeLinksFromLockfile: false

importers:

  .:
    dependencies:
      tailwindcss:
        specifier: ^4.1.16
        version: 4.1.16

packages:

  tailwindcss@4.1.16:
    resolution: {integrity: sha512-pONL5awpaQX4LN5eiv7moSiSPd/DLDzKVRJz8Q9PgzmAdd1R4307GQS2ZpfiN7ZmekdQrfhZZiSE5jkLR4WNaA==}

snapshots:

  tailwindcss@4.1.16: {}
